# generated by rye
# use `rye lock` or `rye sync` to update this lockfile
#
# last locked with the following flags:
#   pre: false
#   features: []
#   all-features: false
#   with-sources: false

-e file:.
colorama==0.4.6
    # via tqdm
fire==0.6.0
    # via randomname
randomname==0.2.1
    # via onboarding-epoch-v
six==1.16.0
    # via fire
termcolor==2.4.0
    # via fire
tqdm==4.66.4
    # via onboarding-epoch-v
